
Microsoft Visual Studio Solution File, Format Version 12.00
# Visual Studio Version 17
VisualStudioVersion = 17.6.33801.468
MinimumVisualStudioVersion = 10.0.40219.1
Project("{FAE04EC0-301F-11D3-BF4B-00C04F79EFBC}") = "Internship-3-CSharp", "Internship-3-CSharp\Internship-3-CSharp.csproj", "{07652B10-FE35-491C-9B48-B0CF00378AB0}"
EndProject
Global
	GlobalSection(SolutionConfigurationPlatforms) = preSolution
		Debug|Any CPU = Debug|Any CPU
		Release|Any CPU = Release|Any CPU
	EndGlobalSection
	GlobalSection(ProjectConfigurationPlatforms) = postSolution
		{07652B10-FE35-491C-9B48-B0CF00378AB0}.Debug|Any CPU.ActiveCfg = Debug|Any CPU
		{07652B10-FE35-491C-9B48-B0CF00378AB0}.Debug|Any CPU.Build.0 = Debug|Any CPU
		{07652B10-FE35-491C-9B48-B0CF00378AB0}.Release|Any CPU.ActiveCfg = Release|Any CPU
		{07652B10-FE35-491C-9B48-B0CF00378AB0}.Release|Any CPU.Build.0 = Release|Any CPU
	EndGlobalSection
	GlobalSection(SolutionProperties) = preSolution
		HideSolutionNode = FALSE
	EndGlobalSection
	GlobalSection(ExtensibilityGlobals) = postSolution
		SolutionGuid = {7C9DC910-EFF2-4304-A917-EE8BBBB7B967}
	EndGlobalSection
EndGlobal
